
Microsoft Visual Studio Solution File, Format Version 12.00
# Visual Studio Version 17
VisualStudioVersion = 17.9.34902.65
MinimumVisualStudioVersion = 10.0.40219.1
Project("{FAE04EC0-301F-11D3-BF4B-00C04F79EFBC}") = "Monitoring.API", "Monitoring.API\Monitoring.API.csproj", "{E0492EA1-F902-4257-BE64-340FBC68B19C}"
EndProject
Global
	GlobalSection(SolutionConfigurationPlatforms) = preSolution
		Debug|Any CPU = Debug|Any CPU
		Release|Any CPU = Release|Any CPU
	EndGlobalSection
	GlobalSection(ProjectConfigurationPlatforms) = postSolution
		{E0492EA1-F902-4257-BE64-340FBC68B19C}.Debug|Any CPU.ActiveCfg = Debug|Any CPU
		{E0492EA1-F902-4257-BE64-340FBC68B19C}.Debug|Any CPU.Build.0 = Debug|Any CPU
		{E0492EA1-F902-4257-BE64-340FBC68B19C}.Release|Any CPU.ActiveCfg = Release|Any CPU
		{E0492EA1-F902-4257-BE64-340FBC68B19C}.Release|Any CPU.Build.0 = Release|Any CPU
	EndGlobalSection
	GlobalSection(SolutionProperties) = preSolution
		HideSolutionNode = FALSE
	EndGlobalSection
	GlobalSection(ExtensibilityGlobals) = postSolution
		SolutionGuid = {0A289CC9-CCD2-41DB-B487-CBA15568C135}
	EndGlobalSection
EndGlobal
